# Generated by pub
# See https://dart.dev/tools/pub/glossary#lockfile
packages:
  _flutterfire_internals:
    dependency: transitive
    description:
      name: _flutterfire_internals
      sha256: b46f62516902afb04befa4b30eb6a12ac1f58ca8cb25fb9d632407259555dd3d
      url: "https://pub.dev"
    source: hosted
    version: "1.3.39"
  async:
    dependency: transitive
    description:
      name: async
      sha256: "947bfcf187f74dbc5e146c9eb9c0f10c9f8b30743e341481c1e2ed3ecc18c20c"
      url: "https://pub.dev"
    source: hosted
    version: "2.11.0"
  boolean_selector:
    dependency: transitive
    description:
      name: boolean_selector
      sha256: "6cfb5af12253eaf2b368f07bacc5a80d1301a071c73360d746b7f2e32d762c66"
      url: "https://pub.dev"
    source: hosted
    version: "2.1.1"
  characters:
    dependency: transitive
    description:
      name: characters
      sha256: "04a925763edad70e8443c99234dc3328f442e811f1d8fd1a72f1c8ad0f69a605"
      url: "https://pub.dev"
    source: hosted
    version: "1.3.0"
  clock:
    dependency: transitive
    description:
      name: clock
      sha256: cb6d7f03e1de671e34607e909a7213e31d7752be4fb66a86d29fe1eb14bfb5cf
      url: "https://pub.dev"
    source: hosted
    version: "1.1.1"
  cloud_firestore:
    dependency: "direct main"
    description:
      name: cloud_firestore
      sha256: "240c1c3598e62ad58ee665b6df9c65172d2fbe4742770c21ed060e013cb8e037"
      url: "https://pub.dev"
    source: hosted
    version: "5.1.0"
  cloud_firestore_platform_interface:
    dependency: transitive
    description:
      name: cloud_firestore_platform_interface
      sha256: "5b5a9c2b5a85bf995f12e7447c4197d7ad659533d642d3d904ccbb509f83d62a"
      url: "https://pub.dev"
    source: hosted
    version: "6.2.9"
  cloud_firestore_web:
    dependency: transitive
    description:
      name: cloud_firestore_web
      sha256: "898e9f65548df65ca7b2cff9f32cf233424ceccff1d870b8819ea2b8050d5b39"
      url: "https://pub.dev"
    source: hosted
    version: "4.0.3"
  collection:
    dependency: transitive
    description:
      name: collection
      sha256: ee67cb0715911d28db6bf4af1026078bd6f0128b07a5f66fb2ed94ec6783c09a
      url: "https://pub.dev"
    source: hosted
    version: "1.18.0"
  crypto:
    dependency: transitive
    description:
      name: crypto
      sha256: cf75650c66c0316274e21d7c43d3dea246273af5955bd94e8184837cd577575c
      url: "https://pub.dev"
    source: hosted
    version: "3.0.1"
  cupertino_icons:
    dependency: "direct main"
    description:
      name: cupertino_icons
      sha256: caac504f942f41dfadcf45229ce8c47065b93919a12739f20d6173a883c5ec73
      url: "https://pub.dev"
    source: hosted
    version: "1.0.2"
  fake_async:
    dependency: transitive
    description:
      name: fake_async
      sha256: "511392330127add0b769b75a987850d136345d9227c6b94c96a04cf4a391bf78"
      url: "https://pub.dev"
    source: hosted
    version: "1.3.1"
  ffi:
    dependency: transitive
    description:
      name: ffi
      sha256: d97fffd9d86f3dccc7a9059128b468a99320c69007cc9d41a3a1bda07d4e86dc
      url: "https://pub.dev"
    source: hosted
    version: "1.0.0"
  file:
    dependency: transitive
    description:
      name: file
      sha256: "9fd2163d866769f60f4df8ac1dc59f52498d810c356fe78022e383dd3c57c0e1"
      url: "https://pub.dev"
    source: hosted
    version: "6.1.0"
  firebase_auth:
    dependency: "direct main"
    description:
      name: firebase_auth
      sha256: a41b56878fa6aef3ea52962329b47eee333672d4b0ecc406e071b9fc729f242c
      url: "https://pub.dev"
    source: hosted
    version: "5.1.2"
  firebase_auth_platform_interface:
    dependency: transitive
    description:
      name: firebase_auth_platform_interface
      sha256: d1c68097588f3b75ef79a22102ff96c311735c254353bccf6824d19f1a7e86b9
      url: "https://pub.dev"
    source: hosted
    version: "7.4.2"
  firebase_auth_web:
    dependency: transitive
    description:
      name: firebase_auth_web
      sha256: e66ec0ae5697ee39ccd4865d6887cb0df220dd4ea0b21404910c68ca4c1a731a
      url: "https://pub.dev"
    source: hosted
    version: "5.12.4"
  firebase_core:
    dependency: "direct main"
    description:
      name: firebase_core
      sha256: "5159984ce9b70727473eb388394650677c02c925aaa6c9439905e1f30966a4d5"
      url: "https://pub.dev"
    source: hosted
    version: "3.2.0"
  firebase_core_platform_interface:
    dependency: transitive
    description:
      name: firebase_core_platform_interface
      sha256: "1003a5a03a61fc9a22ef49f37cbcb9e46c86313a7b2e7029b9390cf8c6fc32cb"
      url: "https://pub.dev"
    source: hosted
    version: "5.1.0"
  firebase_core_web:
    dependency: transitive
    description:
      name: firebase_core_web
      sha256: "23509cb3cddfb3c910c143279ac3f07f06d3120f7d835e4a5d4b42558e978712"
      url: "https://pub.dev"
    source: hosted
    version: "2.17.3"
  firebase_messaging:
    dependency: "direct main"
    description:
      name: firebase_messaging
      sha256: "156c4292aa63a6a7d508c68ded984cb38730d2823c3265e573cb1e94983e2025"
      url: "https://pub.dev"
    source: hosted
    version: "15.0.3"
  firebase_messaging_platform_interface:
    dependency: transitive
    description:
      name: firebase_messaging_platform_interface
      sha256: "10408c5ca242b7fc632dd5eab4caf8fdf18ebe88db6052980fa71a18d88bd200"
      url: "https://pub.dev"
    source: hosted
    version: "4.5.41"
  firebase_messaging_web:
    dependency: transitive
    description:
      name: firebase_messaging_web
      sha256: c7a756e3750679407948de665735e69a368cb902940466e5d68a00ea7aba1aaa
      url: "https://pub.dev"
    source: hosted
    version: "3.8.11"
  flutter:
    dependency: "direct main"
    description: flutter
    source: sdk
    version: "0.0.0"
  flutter_google_places:
    dependency: "direct main"
    description:
      name: flutter_google_places
      sha256: e9fb23ceacdc7359aa759627550146f7fd3ae6c067d16f39f3c50d8feebf4809
      url: "https://pub.dev"
    source: hosted
    version: "0.3.0"
  flutter_plugin_android_lifecycle:
    dependency: transitive
    description:
      name: flutter_plugin_android_lifecycle
      sha256: "6f25e9e30df26b3971041847c9106c5a037e72517c8e6514ada99ca42e07e2c7"
      url: "https://pub.dev"
    source: hosted
    version: "2.0.1"
  flutter_polyline_points:
    dependency: "direct main"
    description:
      name: flutter_polyline_points
      sha256: "02699e69142f51a248d784b6e3eec524194467fca5f7c4da19699ce2368b6980"
      url: "https://pub.dev"
    source: hosted
    version: "1.0.0"
  flutter_spinkit:
    dependency: "direct main"
    description:
      name: flutter_spinkit
      sha256: bd4c27ac82bfece6b9dce68b23063f894cefbd9cb3af98743e488c01141f5461
      url: "https://pub.dev"
    source: hosted
    version: "5.0.0"
  flutter_test:
    dependency: "direct dev"
    description: flutter
    source: sdk
    version: "0.0.0"
  flutter_web_plugins:
    dependency: transitive
    description: flutter
    source: sdk
    version: "0.0.0"
  geocoding:
    dependency: "direct main"
    description:
      name: geocoding
      sha256: d580c801cba9386b4fac5047c4c785a4e19554f46be42f4f5e5b7deacd088a66
      url: "https://pub.dev"
    source: hosted
    version: "3.0.0"
  geocoding_android:
    dependency: transitive
    description:
      name: geocoding_android
      sha256: "1b13eca79b11c497c434678fed109c2be020b158cec7512c848c102bc7232603"
      url: "https://pub.dev"
    source: hosted
    version: "3.3.1"
  geocoding_ios:
    dependency: transitive
    description:
      name: geocoding_ios
      sha256: "94ddba60387501bd1c11e18dca7c5a9e8c645d6e3da9c38b9762434941870c24"
      url: "https://pub.dev"
    source: hosted
    version: "3.0.1"
  geocoding_platform_interface:
    dependency: transitive
    description:
      name: geocoding_platform_interface
      sha256: "8c2c8226e5c276594c2e18bfe88b19110ed770aeb7c1ab50ede570be8b92229b"
      url: "https://pub.dev"
    source: hosted
    version: "3.2.0"
  geolocator:
    dependency: "direct main"
    description:
      name: geolocator
      sha256: "9f1c9a70dd25fc9d9574ff17ba714cf3bc7894258efd7d1ce0debfafe2f8e1d8"
      url: "https://pub.dev"
    source: hosted
    version: "10.0.1"
  geolocator_android:
    dependency: transitive
    description:
      name: geolocator_android
      sha256: "6cd3c622df085a79fd61f5c14fa024c3ba593aa6b1df2ee809ac59f45e6a9861"
      url: "https://pub.dev"
    source: hosted
    version: "4.1.8"
  geolocator_apple:
    dependency: transitive
    description:
      name: geolocator_apple
      sha256: bc2aca02423ad429cb0556121f56e60360a2b7d694c8570301d06ea0c00732fd
      url: "https://pub.dev"
    source: hosted
    version: "2.3.7"
  geolocator_platform_interface:
    dependency: transitive
    description:
      name: geolocator_platform_interface
      sha256: "386ce3d9cce47838355000070b1d0b13efb5bc430f8ecda7e9238c8409ace012"
      url: "https://pub.dev"
    source: hosted
    version: "4.2.4"
  geolocator_web:
    dependency: transitive
    description:
      name: geolocator_web
      sha256: "102e7da05b48ca6bf0a5bda0010f886b171d1a08059f01bfe02addd0175ebece"
      url: "https://pub.dev"
    source: hosted
    version: "2.2.1"
  geolocator_windows:
    dependency: transitive
    description:
      name: geolocator_windows
      sha256: "53da08937d07c24b0d9952eb57a3b474e29aae2abf9dd717f7e1230995f13f0e"
      url: "https://pub.dev"
    source: hosted
    version: "0.2.3"
  get:
    dependency: "direct main"
    description:
      name: get
      sha256: "1b5b585eedccd4ed4fd01738953098d0bdeed675a0018e9e6f0c8b0d13473f47"
      url: "https://pub.dev"
    source: hosted
    version: "4.3.8"
  google_api_headers:
    dependency: transitive
    description:
      name: google_api_headers
      sha256: a66489abaa3c3585b618eb68632b1bd16009157a80cb296ad144d14d792ff569
      url: "https://pub.dev"
    source: hosted
    version: "1.3.0"
  google_maps_flutter:
    dependency: "direct main"
    description:
      name: google_maps_flutter
      sha256: ddd7d74b63d411eb542c6423b5671082a6d6f48412a964c4f4c998deb96cc93f
      url: "https://pub.dev"
    source: hosted
    version: "2.0.3"
  google_maps_flutter_platform_interface:
    dependency: transitive
    description:
      name: google_maps_flutter_platform_interface
      sha256: "971b1bd0fe500343caa940460cf3ec4f796714a9212093e0d4d53de9e33bd87b"
      url: "https://pub.dev"
    source: hosted
    version: "2.0.0"
  google_maps_webservice:
    dependency: "direct main"
    description:
      name: google_maps_webservice
      sha256: d0ae4e4508afd74a3f051565261a3cdbae59db29448f9b6e6beb5674545e1eb7
      url: "https://pub.dev"
    source: hosted
    version: "0.0.20-nullsafety.5"
  http:
    dependency: "direct main"
    description:
      name: http
      sha256: "5895291c13fa8a3bd82e76d5627f69e0d85ca6a30dcac95c4ea19a5d555879c2"
      url: "https://pub.dev"
    source: hosted
    version: "0.13.6"
  http_parser:
    dependency: transitive
    description:
      name: http_parser
      sha256: "2aa08ce0341cc9b354a498388e30986515406668dbcc4f7c950c3e715496693b"
      url: "https://pub.dev"
    source: hosted
    version: "4.0.2"
  json_annotation:
    dependency: transitive
    description:
      name: json_annotation
      sha256: "1ce844379ca14835a50d2f019a3099f419082cfdd231cd86a142af94dd5c6bb1"
      url: "https://pub.dev"
    source: hosted
    version: "4.9.0"
  leak_tracker:
    dependency: transitive
    description:
      name: leak_tracker
      sha256: "78eb209deea09858f5269f5a5b02be4049535f568c07b275096836f01ea323fa"
      url: "https://pub.dev"
    source: hosted
    version: "10.0.0"
  leak_tracker_flutter_testing:
    dependency: transitive
    description:
      name: leak_tracker_flutter_testing
      sha256: b46c5e37c19120a8a01918cfaf293547f47269f7cb4b0058f21531c2465d6ef0
      url: "https://pub.dev"
    source: hosted
    version: "2.0.1"
  leak_tracker_testing:
    dependency: transitive
    description:
      name: leak_tracker_testing
      sha256: a597f72a664dbd293f3bfc51f9ba69816f84dcd403cdac7066cb3f6003f3ab47
      url: "https://pub.dev"
    source: hosted
    version: "2.0.1"
  matcher:
    dependency: transitive
    description:
      name: matcher
      sha256: d2323aa2060500f906aa31a895b4030b6da3ebdcc5619d14ce1aada65cd161cb
      url: "https://pub.dev"
    source: hosted
    version: "0.12.16+1"
  material_color_utilities:
    dependency: transitive
    description:
      name: material_color_utilities
      sha256: "0e0a020085b65b6083975e499759762399b4475f766c21668c4ecca34ea74e5a"
      url: "https://pub.dev"
    source: hosted
    version: "0.8.0"
  meta:
    dependency: transitive
    description:
      name: meta
      sha256: d584fa6707a52763a52446f02cc621b077888fb63b93bbcb1143a7be5a0c0c04
      url: "https://pub.dev"
    source: hosted
    version: "1.11.0"
  overlay_support:
    dependency: "direct main"
    description:
      name: overlay_support
      sha256: bde0a217184498b1e9a62ec4e2a22a56b5f724ec414fb2f9d798f1da26880760
      url: "https://pub.dev"
    source: hosted
    version: "1.2.1"
  package_info_plus:
    dependency: transitive
    description:
      name: package_info_plus
      sha256: "7a6114becdf042be2b0777d77ace954d4a205644171a1cbd8712976b9bbb837c"
      url: "https://pub.dev"
    source: hosted
    version: "1.4.2"
  package_info_plus_linux:
    dependency: transitive
    description:
      name: package_info_plus_linux
      sha256: "04b575f44233d30edbb80a94e57cad9107aada334fc02aabb42b6becd13c43fc"
      url: "https://pub.dev"
    source: hosted
    version: "1.0.5"
  package_info_plus_macos:
    dependency: transitive
    description:
      name: package_info_plus_macos
      sha256: a2ad8b4acf4cd479d4a0afa5a74ea3f5b1c7563b77e52cc32b3ee6956d5482a6
      url: "https://pub.dev"
    source: hosted
    version: "1.3.0"
  package_info_plus_platform_interface:
    dependency: transitive
    description:
      name: package_info_plus_platform_interface
      sha256: f7a0c8f1e7e981bc65f8b64137a53fd3c195b18d429fba960babc59a5a1c7ae8
      url: "https://pub.dev"
    source: hosted
    version: "1.0.2"
  package_info_plus_web:
    dependency: transitive
    description:
      name: package_info_plus_web
      sha256: f0829327eb534789e0a16ccac8936a80beed4e2401c4d3a74f3f39094a822d3b
      url: "https://pub.dev"
    source: hosted
    version: "1.0.6"
  package_info_plus_windows:
    dependency: transitive
    description:
      name: package_info_plus_windows
      sha256: a6040b8695c82f8dd3c3d4dfab7ef96fbe9c67aac21b9bcf5db272589ef84441
      url: "https://pub.dev"
    source: hosted
    version: "1.0.5"
  path:
    dependency: transitive
    description:
      name: path
      sha256: "087ce49c3f0dc39180befefc60fdb4acd8f8620e5682fe2476afd0b3688bb4af"
      url: "https://pub.dev"
    source: hosted
    version: "1.9.0"
  path_provider_linux:
    dependency: transitive
    description:
      name: path_provider_linux
      sha256: "938d2b6591587bcb009d2109a6ea464fd8fb2a75dc6423171b0d0afb1d27c708"
      url: "https://pub.dev"
    source: hosted
    version: "2.0.0"
  path_provider_platform_interface:
    dependency: transitive
    description:
      name: path_provider_platform_interface
      sha256: "2e14fc474b8acfc4111ac8eb0e37c2fe70234f9f8cd796f1560d03aa1689fa51"
      url: "https://pub.dev"
    source: hosted
    version: "2.0.0"
  path_provider_windows:
    dependency: transitive
    description:
      name: path_provider_windows
      sha256: "99bb2d003df56a2a846e23f716bbf713a1d36d3e2a7d7e99ca4b01aeae80045a"
      url: "https://pub.dev"
    source: hosted
    version: "2.0.1"
  platform:
    dependency: transitive
    description:
      name: platform
      sha256: ebc79f16b5f6b609aad4a5e63447d4795d16f7adee46e93ed03200848c006735
      url: "https://pub.dev"
    source: hosted
    version: "3.0.0"
  plugin_platform_interface:
    dependency: transitive
    description:
      name: plugin_platform_interface
      sha256: "4820fbfdb9478b1ebae27888254d445073732dae3d6ea81f0b7e06d5dedc3f02"
      url: "https://pub.dev"
    source: hosted
    version: "2.1.8"
  process:
    dependency: transitive
    description:
      name: process
      sha256: dc3c073b5bc0db4e0f3dbc6b69f8e9cf2f336dafb3db996242ebdacf94c295dd
      url: "https://pub.dev"
    source: hosted
    version: "4.2.1"
  rxdart:
    dependency: transitive
    description:
      name: rxdart
      sha256: "2ef8b4e91cb3b55d155e0e34eeae0ac7107974e451495c955ac04ddee8cc21fd"
      url: "https://pub.dev"
    source: hosted
    version: "0.26.0"
  shared_preferences:
    dependency: "direct main"
    description:
      name: shared_preferences
      sha256: abce1248423109beb9ef6cb6536cbd06a676e3cf0d7a00a980b3bce793f35de0
      url: "https://pub.dev"
    source: hosted
    version: "2.0.5"
  shared_preferences_linux:
    dependency: transitive
    description:
      name: shared_preferences_linux
      sha256: "33fc7c6ced70d226645a9612132fbff9890805df4edd34f30840e7e738866fee"
      url: "https://pub.dev"
    source: hosted
    version: "2.0.0"
  shared_preferences_macos:
    dependency: transitive
    description:
      name: shared_preferences_macos
      sha256: "5d2bad07b196b6ad4cf21af6f7197a87264ef569199502b9352f76e5054f06ae"
      url: "https://pub.dev"
    source: hosted
    version: "2.0.0"
  shared_preferences_platform_interface:
    dependency: transitive
    description:
      name: shared_preferences_platform_interface
      sha256: "992f0fdc46d0a3c0ac2e5859f2de0e577bbe51f78a77ee8f357cbe626a2ad32d"
      url: "https://pub.dev"
    source: hosted
    version: "2.0.0"
  shared_preferences_web:
    dependency: transitive
    description:
      name: shared_preferences_web
      sha256: "09b72ec530a1b1f26cdbec6b138f980d97d4d86ebb86dbf6365369fbd4bb05c8"
      url: "https://pub.dev"
    source: hosted
    version: "2.0.0"
  shared_preferences_windows:
    dependency: transitive
    description:
      name: shared_preferences_windows
      sha256: "76c54a0148780d779a3fe332ece9ba8ad2c9dd0bc717ee7fce58bd06b5e8118f"
      url: "https://pub.dev"
    source: hosted
    version: "2.0.0"
  sky_engine:
    dependency: transitive
    description: flutter
    source: sdk
    version: "0.0.99"
  source_span:
    dependency: transitive
    description:
      name: source_span
      sha256: "53e943d4206a5e30df338fd4c6e7a077e02254531b138a15aec3bd143c1a8b3c"
      url: "https://pub.dev"
    source: hosted
    version: "1.10.0"
  stack_trace:
    dependency: transitive
    description:
      name: stack_trace
      sha256: "73713990125a6d93122541237550ee3352a2d84baad52d375a4cad2eb9b7ce0b"
      url: "https://pub.dev"
    source: hosted
    version: "1.11.1"
  stream_channel:
    dependency: transitive
    description:
      name: stream_channel
      sha256: ba2aa5d8cc609d96bbb2899c28934f9e1af5cddbd60a827822ea467161eb54e7
      url: "https://pub.dev"
    source: hosted
    version: "2.1.2"
  stream_transform:
    dependency: transitive
    description:
      name: stream_transform
      sha256: ed464977cb26a1f41537e177e190c67223dbd9f4f683489b6ab2e5d211ec564e
      url: "https://pub.dev"
    source: hosted
    version: "2.0.0"
  string_scanner:
    dependency: transitive
    description:
      name: string_scanner
      sha256: "556692adab6cfa87322a115640c11f13cb77b3f076ddcc5d6ae3c20242bedcde"
      url: "https://pub.dev"
    source: hosted
    version: "1.2.0"
  term_glyph:
    dependency: transitive
    description:
      name: term_glyph
      sha256: a29248a84fbb7c79282b40b8c72a1209db169a2e0542bce341da992fe1bc7e84
      url: "https://pub.dev"
    source: hosted
    version: "1.2.1"
  test_api:
    dependency: transitive
    description:
      name: test_api
      sha256: "5c2f730018264d276c20e4f1503fd1308dfbbae39ec8ee63c5236311ac06954b"
      url: "https://pub.dev"
    source: hosted
    version: "0.6.1"
  typed_data:
    dependency: transitive
    description:
      name: typed_data
      sha256: "53bdf7e979cfbf3e28987552fd72f637e63f3c8724c9e56d9246942dc2fa36ee"
      url: "https://pub.dev"
    source: hosted
    version: "1.3.0"
  url_launcher:
    dependency: "direct main"
    description:
      name: url_launcher
      sha256: "21b704ce5fa560ea9f3b525b43601c678728ba46725bab9b01187b4831377ed3"
      url: "https://pub.dev"
    source: hosted
    version: "6.3.0"
  url_launcher_android:
    dependency: transitive
    description:
      name: url_launcher_android
      sha256: "17cd5e205ea615e2c6ea7a77323a11712dffa0720a8a90540db57a01347f9ad9"
      url: "https://pub.dev"
    source: hosted
    version: "6.3.2"
  url_launcher_ios:
    dependency: transitive
    description:
      name: url_launcher_ios
      sha256: e43b677296fadce447e987a2f519dcf5f6d1e527dc35d01ffab4fff5b8a7063e
      url: "https://pub.dev"
    source: hosted
    version: "6.3.1"
  url_launcher_linux:
    dependency: transitive
    description:
      name: url_launcher_linux
      sha256: ab360eb661f8879369acac07b6bb3ff09d9471155357da8443fd5d3cf7363811
      url: "https://pub.dev"
    source: hosted
    version: "3.1.1"
  url_launcher_macos:
    dependency: transitive
    description:
      name: url_launcher_macos
      sha256: "9a1a42d5d2d95400c795b2914c36fdcb525870c752569438e4ebb09a2b5d90de"
      url: "https://pub.dev"
    source: hosted
    version: "3.2.0"
  url_launcher_platform_interface:
    dependency: transitive
    description:
      name: url_launcher_platform_interface
      sha256: "552f8a1e663569be95a8190206a38187b531910283c3e982193e4f2733f01029"
      url: "https://pub.dev"
    source: hosted
    version: "2.3.2"
  url_launcher_web:
    dependency: transitive
    description:
      name: url_launcher_web
      sha256: "8d9e750d8c9338601e709cd0885f95825086bd8b642547f26bda435aade95d8a"
      url: "https://pub.dev"
    source: hosted
    version: "2.3.1"
  url_launcher_windows:
    dependency: transitive
    description:
      name: url_launcher_windows
      sha256: "49c10f879746271804767cb45551ec5592cdab00ee105c06dddde1a98f73b185"
      url: "https://pub.dev"
    source: hosted
    version: "3.1.2"
  uuid:
    dependency: "direct main"
    description:
      name: uuid
      sha256: "0ea20bfc625477e17f08a92d112272a071609b275ce4ca10ad853e1426ca3758"
      url: "https://pub.dev"
    source: hosted
    version: "3.0.4"
  vector_math:
    dependency: transitive
    description:
      name: vector_math
      sha256: "80b3257d1492ce4d091729e3a67a60407d227c27241d6927be0130c98e741803"
      url: "https://pub.dev"
    source: hosted
    version: "2.1.4"
  vm_service:
    dependency: transitive
    description:
      name: vm_service
      sha256: b3d56ff4341b8f182b96aceb2fa20e3dcb336b9f867bc0eafc0de10f1048e957
      url: "https://pub.dev"
    source: hosted
    version: "13.0.0"
  web:
    dependency: transitive
    description:
      name: web
      sha256: "97da13628db363c635202ad97068d47c5b8aa555808e7a9411963c533b449b27"
      url: "https://pub.dev"
    source: hosted
    version: "0.5.1"
  win32:
    dependency: transitive
    description:
      name: win32
      sha256: c0ee29e0f6e4ee5a63983aae753640adc15017b34e50424f8b45063426e19c5b
      url: "https://pub.dev"
    source: hosted
    version: "2.0.5"
  xdg_directories:
    dependency: transitive
    description:
      name: xdg_directories
      sha256: "0186b3f2d66be9a12b0295bddcf8b6f8c0b0cc2f85c6287344e2a6366bc28457"
      url: "https://pub.dev"
    source: hosted
    version: "0.2.0"
sdks:
  dart: ">=3.3.0 <4.0.0"
  flutter: ">=3.19.0"
